
Microsoft Visual Studio Solution File, Format Version 12.00
# Visual Studio Version 16
VisualStudioVersion = 16.0.32106.194
MinimumVisualStudioVersion = 10.0.40219.1
Project("{FAE04EC0-301F-11D3-BF4B-00C04F79EFBC}") = "ProjetoInventario", "ProjetoInvetario\ProjetoInventario.csproj", "{8A761E82-6EC6-4662-B534-B367449D7623}"
EndProject
Global
	GlobalSection(SolutionConfigurationPlatforms) = preSolution
		Debug|Any CPU = Debug|Any CPU
		Release|Any CPU = Release|Any CPU
	EndGlobalSection
	GlobalSection(ProjectConfigurationPlatforms) = postSolution
		{8A761E82-6EC6-4662-B534-B367449D7623}.Debug|Any CPU.ActiveCfg = Debug|Any CPU
		{8A761E82-6EC6-4662-B534-B367449D7623}.Debug|Any CPU.Build.0 = Debug|Any CPU
		{8A761E82-6EC6-4662-B534-B367449D7623}.Release|Any CPU.ActiveCfg = Release|Any CPU
		{8A761E82-6EC6-4662-B534-B367449D7623}.Release|Any CPU.Build.0 = Release|Any CPU
	EndGlobalSection
	GlobalSection(SolutionProperties) = preSolution
		HideSolutionNode = FALSE
	EndGlobalSection
	GlobalSection(ExtensibilityGlobals) = postSolution
		SolutionGuid = {CC2A3BB4-685B-4FE0-ACDD-C68819A3BF47}
	EndGlobalSection
EndGlobal
